
Microsoft Visual Studio Solution File, Format Version 12.00
# Visual Studio Version 17
VisualStudioVersion = 17.5.33414.496
MinimumVisualStudioVersion = 10.0.40219.1
Project("{FAE04EC0-301F-11D3-BF4B-00C04F79EFBC}") = "modul8_1302210104", "modul8_1302210104.csproj", "{E08503A1-985B-4B10-BA6B-8930074F2363}"
EndProject
Global
	GlobalSection(SolutionConfigurationPlatforms) = preSolution
		Debug|Any CPU = Debug|Any CPU
		Release|Any CPU = Release|Any CPU
	EndGlobalSection
	GlobalSection(ProjectConfigurationPlatforms) = postSolution
		{E08503A1-985B-4B10-BA6B-8930074F2363}.Debug|Any CPU.ActiveCfg = Debug|Any CPU
		{E08503A1-985B-4B10-BA6B-8930074F2363}.Debug|Any CPU.Build.0 = Debug|Any CPU
		{E08503A1-985B-4B10-BA6B-8930074F2363}.Release|Any CPU.ActiveCfg = Release|Any CPU
		{E08503A1-985B-4B10-BA6B-8930074F2363}.Release|Any CPU.Build.0 = Release|Any CPU
	EndGlobalSection
	GlobalSection(SolutionProperties) = preSolution
		HideSolutionNode = FALSE
	EndGlobalSection
	GlobalSection(ExtensibilityGlobals) = postSolution
		SolutionGuid = {D965D059-7FAB-42C7-B4A3-A1030F938506}
	EndGlobalSection
EndGlobal
